
Microsoft Visual Studio Solution File, Format Version 12.00
# Visual Studio Version 16
VisualStudioVersion = 16.0.31829.152
MinimumVisualStudioVersion = 10.0.40219.1
Project("{9A19103F-16F7-4668-BE54-9A1E7A4F7556}") = "TheOneWithTheHearts", "TheOneWithTheHearts.csproj", "{683C16EC-79DA-4BB6-A18F-86044CA10D9C}"
EndProject
Global
	GlobalSection(SolutionConfigurationPlatforms) = preSolution
		Debug|Any CPU = Debug|Any CPU
		Release|Any CPU = Release|Any CPU
	EndGlobalSection
	GlobalSection(ProjectConfigurationPlatforms) = postSolution
		{683C16EC-79DA-4BB6-A18F-86044CA10D9C}.Debug|Any CPU.ActiveCfg = Debug|Any CPU
		{683C16EC-79DA-4BB6-A18F-86044CA10D9C}.Debug|Any CPU.Build.0 = Debug|Any CPU
		{683C16EC-79DA-4BB6-A18F-86044CA10D9C}.Release|Any CPU.ActiveCfg = Release|Any CPU
		{683C16EC-79DA-4BB6-A18F-86044CA10D9C}.Release|Any CPU.Build.0 = Release|Any CPU
	EndGlobalSection
	GlobalSection(SolutionProperties) = preSolution
		HideSolutionNode = FALSE
	EndGlobalSection
	GlobalSection(ExtensibilityGlobals) = postSolution
		SolutionGuid = {AC3F256C-AF70-4C92-B8A0-65D3C94DB9FA}
	EndGlobalSection
EndGlobal
